hash: 90a5a45c153cf550f5147d1df57e9876fbd792f21b200de7e66103783618f91b
updated: 2016-07-24T20:52:40.65268732Z
imports:
- name: github.com/alecthomas/template
  version: b867cc6ab45cece8143cfcc6fc9c77cf3f2c23c0
  subpackages:
  - parse
- name: github.com/alecthomas/units
  version: 6b4e7dc5e3143b85ea77909c72caf89416fc2915
- name: github.com/aulanov/go.dbus
  version: 25c3068a42a0b50b877953fb249dbcffc6bd1bca
- name: github.com/aws/aws-sdk-go
  version: 376badeb12ede342ca2f41fd7b45027aa3f00264
  subpackages:
  - aws
  - internal/endpoints
  - internal/protocol/query
  - internal/protocol/rest
  - internal/protocol/xml/xmlutil
  - internal/signer/v4
  - service/sts
  - aws/awserr
  - aws/credentials
  - service/iam
  - aws/awsutil
  - aws/defaults
  - aws/request
  - aws/service
  - aws/service/serviceinfo
  - aws/credentials/ec2rolecreds
  - aws/corehandlers
  - internal/protocol/query/queryutil
  - aws/ec2metadata
- name: github.com/dvsekhvalnov/jose2go
  version: 2a04a552f4a8adf7d51731877b7a2021bab968bb
  subpackages:
  - aes
  - arrays
  - base64url
  - compact
  - kdf
  - keys/ecc
  - padding
- name: github.com/skratchdot/open-golang
  version: c8748311a7528d0ba7330d302adbc5a677ef9c9e
  subpackages:
  - open
- name: github.com/vaughan0/go-ini
  version: a98ad7ee00ec53921f08832bc06ecf7fd600e6a1
- name: golang.org/x/crypto
  version: 911fafb28f4ee7c7bd483539a6c96190bbbccc3f
  subpackages:
  - ssh/terminal
- name: gopkg.in/alecthomas/kingpin.v2
  version: 639879d6110b1b0409410c7b737ef0bb18325038
devImports: []
