hash: 375f75a0ed243e9ac6d33c82464024850ccc417bf185e715ea7e7adae637d11d
updated: 2016-10-02T15:27:51.077818698+11:00
imports:
- name: github.com/alecthomas/template
  version: a0175ee3bccc567396460bf5acd36800cb10c49c
  subpackages:
  - parse
- name: github.com/alecthomas/units
  version: 2efee857e7cfd4f3d0138cc3cbb1b4966962b93a
- name: github.com/aulanov/go.dbus
  version: 25c3068a42a0b50b877953fb249dbcffc6bd1bca
- name: github.com/aws/aws-sdk-go
  version: 4b6331bd0c9a346715ab0d1ffa433f506c79c2c4
  subpackages:
  - aws
  - aws/awserr
  - aws/awsutil
  - aws/client
  - aws/client/metadata
  - aws/corehandlers
  - aws/credentials
  - aws/credentials/ec2rolecreds
  - aws/credentials/endpointcreds
  - aws/defaults
  - aws/ec2metadata
  - aws/request
  - aws/session
  - aws/signer/v4
  - internal/endpoints
  - internal/protocol/query
  - internal/protocol/rest
  - internal/protocol/xml/xmlutil
  - internal/signer/v4
  - private/endpoints
  - private/protocol
  - private/protocol/query
  - private/protocol/query/queryutil
  - private/protocol/rest
  - private/protocol/xml/xmlutil
  - private/waiter
  - service/iam
  - service/sts
- name: github.com/dvsekhvalnov/jose2go
  version: 2a04a552f4a8adf7d51731877b7a2021bab968bb
  subpackages:
  - aes
  - arrays
  - base64url
  - compact
  - kdf
  - keys/ecc
  - padding
- name: github.com/go-ini/ini
  version: cf53f9204df4fbdd7ec4164b57fa6184ba168292
- name: github.com/godbus/dbus
  version: 9998ce8520caaa4a287fa5122ecb5d1ca1aeaede
- name: github.com/gsterjov/go-libsecret
  version: a6f4afe4910cad8688db3e0e9b9ac92ad22d54e1
- name: github.com/jmespath/go-jmespath
  version: 0b12d6b521d83fc7f755e7cfc1b1fbdd35a01a74
- name: github.com/skratchdot/open-golang
  version: 75fb7ed4208cf72d323d7d02fd1a5964a7a9073c
  subpackages:
  - open
- name: github.com/vaughan0/go-ini
  version: a98ad7ee00ec53921f08832bc06ecf7fd600e6a1
- name: golang.org/x/crypto
  version: bc89c496413265e715159bdc8478ee9a92fdc265
  subpackages:
  - ssh/terminal
- name: gopkg.in/alecthomas/kingpin.v2
  version: e5900212cbf65b181d3d8e08308ef06a01d117cf
testImports: []
